{
  "name": "@kayac/utils",
  "version": "1.0.18",
  "lockfileVersion": 1,
  "requires": true,
  "dependencies": {
    "@pixi/constants": {
      "version": "5.1.0",
      "resolved": "https://registry.npmjs.org/@pixi/constants/-/constants-5.1.0.tgz",
      "integrity": "sha512-86cogDvjF9yNvmxeizwkIhA0Kl2z3gUSWMf2daYx903dzyje7fwkzRrKLnqDUn6vSAxRXiska0DMJhwYsIC29w=="
    },
    "@pixi/settings": {
      "version": "5.1.0",
      "resolved": "https://registry.npmjs.org/@pixi/settings/-/settings-5.1.0.tgz",
      "integrity": "sha512-2/0VLtGi4BAs15rnSAdsieR9isaBvhInPTotd8Z2OmiBJKeeObrZXln2naT74XYMqJwn1m31VIe1Ec2baHyfQg==",
      "requires": {
        "ismobilejs": "^0.5.1"
      }
    },
    "@pixi/utils": {
      "version": "5.1.0",
      "resolved": "https://registry.npmjs.org/@pixi/utils/-/utils-5.1.0.tgz",
      "integrity": "sha512-+RqA/rDGrnYzKpmA//O13qcr9vp3it6gHbybQvOIWuFIpm42vPYAqdNZa7wX2wiyIQryLIGJIZERF4LhsaXYGQ==",
      "requires": {
        "@pixi/constants": "^5.1.0",
        "@pixi/settings": "^5.1.0",
        "earcut": "^2.1.5",
        "eventemitter3": "^3.1.0",
        "url": "^0.11.0"
      }
    },
    "complex.js": {
      "version": "2.0.12",
      "resolved": "https://registry.npmjs.org/complex.js/-/complex.js-2.0.12.tgz",
      "integrity": "sha512-oQX99fwL6LrTVg82gDY1dIWXy6qZRnRL35N+YhIX0N7tSwsa0KFy6IEMHTNuCW4mP7FS7MEqZ/2I/afzYwPldw=="
    },
    "crypto-js": {
      "version": "3.1.9-1",
      "resolved": "https://registry.npmjs.org/crypto-js/-/crypto-js-3.1.9-1.tgz",
      "integrity": "sha1-/aGedh/Ad+Af+/3G6f38WeiAbNg="
    },
    "decimal.js": {
      "version": "10.2.1",
      "resolved": "https://registry.npmjs.org/decimal.js/-/decimal.js-10.2.1.tgz",
      "integrity": "sha512-KaL7+6Fw6i5A2XSnsbhm/6B+NuEA7TZ4vqxnd5tXz9sbKtrN9Srj8ab4vKVdK8YAqZO9P1kg45Y6YLoduPf+kw=="
    },
    "earcut": {
      "version": "2.1.5",
      "resolved": "https://registry.npmjs.org/earcut/-/earcut-2.1.5.tgz",
      "integrity": "sha512-QFWC7ywTVLtvRAJTVp8ugsuuGQ5mVqNmJ1cRYeLrSHgP3nycr2RHTJob9OtM0v8ujuoKN0NY1a93J/omeTL1PA=="
    },
    "escape-latex": {
      "version": "1.2.0",
      "resolved": "https://registry.npmjs.org/escape-latex/-/escape-latex-1.2.0.tgz",
      "integrity": "sha512-nV5aVWW1K0wEiUIEdZ4erkGGH8mDxGyxSeqPzRNtWP7ataw+/olFObw7hujFWlVjNsaDFw5VZ5NzVSIqRgfTiw=="
    },
    "eventemitter3": {
      "version": "3.1.2",
      "resolved": "https://registry.npmjs.org/eventemitter3/-/eventemitter3-3.1.2.tgz",
      "integrity": "sha512-tvtQIeLVHjDkJYnzf2dgVMxfuSGJeM/7UCG17TT4EumTfNtF+0nebF/4zWOIkCreAbtNqhGEboB6BWrwqNaw4Q=="
    },
    "fraction.js": {
      "version": "4.0.13",
      "resolved": "https://registry.npmjs.org/fraction.js/-/fraction.js-4.0.13.tgz",
      "integrity": "sha512-E1fz2Xs9ltlUp+qbiyx9wmt2n9dRzPsS11Jtdb8D2o+cC7wr9xkkKsVKJuBX0ST+LVS+LhLO+SbLJNtfWcJvXA=="
    },
    "ismobilejs": {
      "version": "0.5.2",
      "resolved": "https://registry.npmjs.org/ismobilejs/-/ismobilejs-0.5.2.tgz",
      "integrity": "sha512-ta9UdV60xVZk/ZafFtSFslQaE76SvNkcs1r73d2PVR21zVzx9xuYv9tNe4MxA1NN7WoeCc2RjGot3Bz1eHDx3Q=="
    },
    "javascript-natural-sort": {
      "version": "0.7.1",
      "resolved": "https://registry.npmjs.org/javascript-natural-sort/-/javascript-natural-sort-0.7.1.tgz",
      "integrity": "sha1-+eIwPUUH9tdDVac2ZNFED7Wg71k="
    },
    "lodash": {
      "version": "4.17.15",
      "resolved": "https://registry.npmjs.org/lodash/-/lodash-4.17.15.tgz",
      "integrity": "sha512-8xOcRHvCjnocdS5cpwXQXVzmmh5e5+saE2QGoeQmbKmRS6J3VQppPOIt0MnmE+4xlZoumy0GPG0D0MVIQbNA1A=="
    },
    "mathjs": {
      "version": "7.5.1",
      "resolved": "https://registry.npmjs.org/mathjs/-/mathjs-7.5.1.tgz",
      "integrity": "sha512-H2q/Dq0qxBLMw+G84SSXmGqo/znihuxviGgAQwAcyeFLwK2HksvSGNx4f3dllZF51bWOnu2op60VZxH2Sb51Pw==",
      "requires": {
        "complex.js": "^2.0.11",
        "decimal.js": "^10.2.1",
        "escape-latex": "^1.2.0",
        "fraction.js": "^4.0.12",
        "javascript-natural-sort": "^0.7.1",
        "seed-random": "^2.2.0",
        "tiny-emitter": "^2.1.0",
        "typed-function": "^2.0.0"
      }
    },
    "numeral": {
      "version": "2.0.6",
      "resolved": "https://registry.npmjs.org/numeral/-/numeral-2.0.6.tgz",
      "integrity": "sha1-StCAk21EPCVhrtnyGX7//iX05QY="
    },
    "punycode": {
      "version": "1.3.2",
      "resolved": "https://registry.npmjs.org/punycode/-/punycode-1.3.2.tgz",
      "integrity": "sha1-llOgNvt8HuQjQvIyXM7v6jkmxI0="
    },
    "querystring": {
      "version": "0.2.0",
      "resolved": "https://registry.npmjs.org/querystring/-/querystring-0.2.0.tgz",
      "integrity": "sha1-sgmEkgO7Jd+CDadW50cAWHhSFiA="
    },
    "ramda": {
      "version": "0.26.1",
      "resolved": "https://registry.npmjs.org/ramda/-/ramda-0.26.1.tgz",
      "integrity": "sha512-hLWjpy7EnsDBb0p+Z3B7rPi3GDeRG5ZtiI33kJhTt+ORCd38AbAIjB/9zRIUoeTbE/AVX5ZkU7m6bznsvrf8eQ=="
    },
    "seed-random": {
      "version": "2.2.0",
      "resolved": "https://registry.npmjs.org/seed-random/-/seed-random-2.2.0.tgz",
      "integrity": "sha1-KpsZ4lCoFwmSMaW5mk2vgLf77VQ="
    },
    "tiny-emitter": {
      "version": "2.1.0",
      "resolved": "https://registry.npmjs.org/tiny-emitter/-/tiny-emitter-2.1.0.tgz",
      "integrity": "sha512-NB6Dk1A9xgQPMoGqC5CVXn123gWyte215ONT5Pp5a0yt4nlEoO1ZWeCwpncaekPHXO60i47ihFnZPiRPjRMq4Q=="
    },
    "typed-function": {
      "version": "2.0.0",
      "resolved": "https://registry.npmjs.org/typed-function/-/typed-function-2.0.0.tgz",
      "integrity": "sha512-Hhy1Iwo/e4AtLZNK10ewVVcP2UEs408DS35ubP825w/YgSBK1KVLwALvvIG4yX75QJrxjCpcWkzkVRB0BwwYlA=="
    },
    "url": {
      "version": "0.11.0",
      "resolved": "https://registry.npmjs.org/url/-/url-0.11.0.tgz",
      "integrity": "sha1-ODjpfPxgUh63PFJajlW/3Z4uKPE=",
      "requires": {
        "punycode": "1.3.2",
        "querystring": "0.2.0"
      }
    }
  }
}
